{
  "version": 4,
  "terraform_version": "1.5.1",
  "serial": 8,
  "lineage": "a04a6ecb-32fc-af09-3c4a-02fe5bb124e8",
  "outputs": {},
  "resources": [
    {
      "mode": "data",
      "type": "aws_ssm_parameter",
      "name": "function_delete_item_dynamo_arn",
      "provider": "provider[\"registry.terraform.io/hashicorp/aws\"]",
      "instances": [
        {
          "schema_version": 0,
          "attributes": {
            "arn": "arn:aws:ssm:us-east-1:816722599048:parameter/meli/url-shortener/sam-api/lambda/delete-item-dynamo/arn",
            "id": "/meli/url-shortener/sam-api/lambda/delete-item-dynamo/arn",
            "insecure_value": "arn:aws:lambda:us-east-1:816722599048:function:meli-mrkt-url-shortener-a-FunctionEventDeleteItemD-whk4HJcpr396",
            "name": "/meli/url-shortener/sam-api/lambda/delete-item-dynamo/arn",
            "type": "String",
            "value": "arn:aws:lambda:us-east-1:816722599048:function:meli-mrkt-url-shortener-a-FunctionEventDeleteItemD-whk4HJcpr396",
            "version": 1,
            "with_decryption": true
          },
          "sensitive_attributes": []
        }
      ]
    },
    {
      "mode": "data",
      "type": "aws_ssm_parameter",
      "name": "function_put_item_dynamo_arn",
      "provider": "provider[\"registry.terraform.io/hashicorp/aws\"]",
      "instances": [
        {
          "schema_version": 0,
          "attributes": {
            "arn": "arn:aws:ssm:us-east-1:816722599048:parameter/meli/url-shortener/sam-api/lambda/put-item-dynamo/arn",
            "id": "/meli/url-shortener/sam-api/lambda/put-item-dynamo/arn",
            "insecure_value": "arn:aws:lambda:us-east-1:816722599048:function:meli-mrkt-url-shortener-a-FunctionEventPutItemDyna-9wfCkBM57jWB",
            "name": "/meli/url-shortener/sam-api/lambda/put-item-dynamo/arn",
            "type": "String",
            "value": "arn:aws:lambda:us-east-1:816722599048:function:meli-mrkt-url-shortener-a-FunctionEventPutItemDyna-9wfCkBM57jWB",
            "version": 1,
            "with_decryption": true
          },
          "sensitive_attributes": []
        }
      ]
    },
    {
      "mode": "data",
      "type": "aws_ssm_parameter",
      "name": "url_short_key_bucket_arn",
      "provider": "provider[\"registry.terraform.io/hashicorp/aws\"]",
      "instances": [
        {
          "schema_version": 0,
          "attributes": {
            "arn": "arn:aws:ssm:us-east-1:816722599048:parameter/meli/url-shortener/bucket-short-key/arn",
            "id": "/meli/url-shortener/bucket-short-key/arn",
            "insecure_value": "arn:aws:s3:::meli-mrkt-url-shortener-20230802191145156900000001",
            "name": "/meli/url-shortener/bucket-short-key/arn",
            "type": "String",
            "value": "arn:aws:s3:::meli-mrkt-url-shortener-20230802191145156900000001",
            "version": 1,
            "with_decryption": true
          },
          "sensitive_attributes": []
        }
      ]
    },
    {
      "mode": "data",
      "type": "aws_ssm_parameter",
      "name": "url_short_key_bucket_name",
      "provider": "provider[\"registry.terraform.io/hashicorp/aws\"]",
      "instances": [
        {
          "schema_version": 0,
          "attributes": {
            "arn": "arn:aws:ssm:us-east-1:816722599048:parameter/meli/url-shortener/bucket-short-key/name",
            "id": "/meli/url-shortener/bucket-short-key/name",
            "insecure_value": "meli-mrkt-url-shortener-20230802191145156900000001",
            "name": "/meli/url-shortener/bucket-short-key/name",
            "type": "String",
            "value": "meli-mrkt-url-shortener-20230802191145156900000001",
            "version": 1,
            "with_decryption": true
          },
          "sensitive_attributes": []
        }
      ]
    },
    {
      "mode": "managed",
      "type": "aws_lambda_permission",
      "name": "s3_invoke_delete_dynamo",
      "provider": "provider[\"registry.terraform.io/hashicorp/aws\"]",
      "instances": [
        {
          "schema_version": 0,
          "attributes": {
            "action": "lambda:InvokeFunction",
            "event_source_token": null,
            "function_name": "arn:aws:lambda:us-east-1:816722599048:function:meli-mrkt-url-shortener-a-FunctionEventDeleteItemD-whk4HJcpr396",
            "function_url_auth_type": null,
            "id": "AllowExecutionFromS3Bucket",
            "principal": "s3.amazonaws.com",
            "principal_org_id": null,
            "qualifier": "",
            "source_account": null,
            "source_arn": "arn:aws:s3:::meli-mrkt-url-shortener-20230802191145156900000001",
            "statement_id": "AllowExecutionFromS3Bucket",
            "statement_id_prefix": ""
          },
          "sensitive_attributes": [
            [
              {
                "type": "get_attr",
                "value": "source_arn"
              }
            ],
            [
              {
                "type": "get_attr",
                "value": "function_name"
              }
            ]
          ],
          "private": "bnVsbA==",
          "dependencies": [
            "data.aws_ssm_parameter.function_delete_item_dynamo_arn",
            "data.aws_ssm_parameter.url_short_key_bucket_arn"
          ]
        }
      ]
    },
    {
      "mode": "managed",
      "type": "aws_lambda_permission",
      "name": "s3_invoke_put_dynamo",
      "provider": "provider[\"registry.terraform.io/hashicorp/aws\"]",
      "instances": [
        {
          "schema_version": 0,
          "attributes": {
            "action": "lambda:InvokeFunction",
            "event_source_token": null,
            "function_name": "arn:aws:lambda:us-east-1:816722599048:function:meli-mrkt-url-shortener-a-FunctionEventPutItemDyna-9wfCkBM57jWB",
            "function_url_auth_type": null,
            "id": "AllowExecutionFromS3Bucket",
            "principal": "s3.amazonaws.com",
            "principal_org_id": null,
            "qualifier": "",
            "source_account": null,
            "source_arn": "arn:aws:s3:::meli-mrkt-url-shortener-20230802191145156900000001",
            "statement_id": "AllowExecutionFromS3Bucket",
            "statement_id_prefix": ""
          },
          "sensitive_attributes": [
            [
              {
                "type": "get_attr",
                "value": "source_arn"
              }
            ],
            [
              {
                "type": "get_attr",
                "value": "function_name"
              }
            ]
          ],
          "private": "bnVsbA==",
          "dependencies": [
            "data.aws_ssm_parameter.function_put_item_dynamo_arn",
            "data.aws_ssm_parameter.url_short_key_bucket_arn"
          ]
        }
      ]
    },
    {
      "mode": "managed",
      "type": "aws_s3_bucket_notification",
      "name": "bucket_notification",
      "provider": "provider[\"registry.terraform.io/hashicorp/aws\"]",
      "instances": [
        {
          "schema_version": 0,
          "attributes": {
            "bucket": "meli-mrkt-url-shortener-20230802191145156900000001",
            "eventbridge": false,
            "id": "meli-mrkt-url-shortener-20230802191145156900000001",
            "lambda_function": [
              {
                "events": [
                  "s3:ObjectCreated:Put"
                ],
                "filter_prefix": "",
                "filter_suffix": "",
                "id": "tf-s3-lambda-20230802201140302900000001",
                "lambda_function_arn": "arn:aws:lambda:us-east-1:816722599048:function:meli-mrkt-url-shortener-a-FunctionEventPutItemDyna-9wfCkBM57jWB"
              },
              {
                "events": [
                  "s3:ObjectRemoved:Delete"
                ],
                "filter_prefix": "",
                "filter_suffix": "",
                "id": "tf-s3-lambda-20230802201140302900000002",
                "lambda_function_arn": "arn:aws:lambda:us-east-1:816722599048:function:meli-mrkt-url-shortener-a-FunctionEventDeleteItemD-whk4HJcpr396"
              }
            ],
            "queue": [],
            "topic": []
          },
          "sensitive_attributes": [
            [
              {
                "type": "get_attr",
                "value": "bucket"
              }
            ],
            [
              {
                "type": "get_attr",
                "value": "lambda_function"
              },
              {
                "type": "index",
                "value": {
                  "value": 0,
                  "type": "number"
                }
              },
              {
                "type": "get_attr",
                "value": "lambda_function_arn"
              }
            ],
            [
              {
                "type": "get_attr",
                "value": "lambda_function"
              },
              {
                "type": "index",
                "value": {
                  "value": 1,
                  "type": "number"
                }
              },
              {
                "type": "get_attr",
                "value": "lambda_function_arn"
              }
            ]
          ],
          "private": "bnVsbA==",
          "dependencies": [
            "aws_lambda_permission.s3_invoke_delete_dynamo",
            "aws_lambda_permission.s3_invoke_put_dynamo",
            "data.aws_ssm_parameter.function_delete_item_dynamo_arn",
            "data.aws_ssm_parameter.function_put_item_dynamo_arn",
            "data.aws_ssm_parameter.url_short_key_bucket_name"
          ]
        }
      ]
    }
  ],
  "check_results": null
}
