{
  "version": 4,
  "terraform_version": "1.5.1",
  "serial": 21,
  "lineage": "c6889f7c-ef07-f54c-8044-f62209de90a3",
  "outputs": {},
  "resources": [
    {
      "mode": "data",
      "type": "aws_region",
      "name": "current",
      "provider": "provider[\"registry.terraform.io/hashicorp/aws\"]",
      "instances": [
        {
          "schema_version": 0,
          "attributes": {
            "description": "US East (N. Virginia)",
            "endpoint": "ec2.us-east-1.amazonaws.com",
            "id": "us-east-1",
            "name": "us-east-1"
          },
          "sensitive_attributes": []
        }
      ]
    },
    {
      "mode": "managed",
      "type": "aws_acm_certificate",
      "name": "api",
      "provider": "provider[\"registry.terraform.io/hashicorp/aws\"]",
      "instances": [
        {
          "schema_version": 0,
          "attributes": {
            "arn": "arn:aws:acm:us-east-1:816722599048:certificate/2fee5d2a-6603-4db3-9f47-fe638e3ad270",
            "certificate_authority_arn": "",
            "certificate_body": null,
            "certificate_chain": null,
            "domain_name": "api.jml.lat",
            "domain_validation_options": [
              {
                "domain_name": "api.jml.lat",
                "resource_record_name": "_e809d52988b31a5604b4046ffb3e3776.api.jml.lat.",
                "resource_record_type": "CNAME",
                "resource_record_value": "_0f99580d23c5b19650b6106fb1ea0552.qqqkmlyjyg.acm-validations.aws."
              }
            ],
            "early_renewal_duration": "",
            "id": "arn:aws:acm:us-east-1:816722599048:certificate/2fee5d2a-6603-4db3-9f47-fe638e3ad270",
            "key_algorithm": "RSA_2048",
            "not_after": "2024-08-30T23:59:59Z",
            "not_before": "2023-08-02T00:00:00Z",
            "options": [
              {
                "certificate_transparency_logging_preference": "ENABLED"
              }
            ],
            "pending_renewal": false,
            "private_key": null,
            "renewal_eligibility": "INELIGIBLE",
            "renewal_summary": [],
            "status": "ISSUED",
            "subject_alternative_names": [
              "api.jml.lat"
            ],
            "tags": {
              "company_name": "meli",
              "environment": "dev",
              "iac": "terraform",
              "leader": "jimmy.matlag@gmail.com",
              "project_name": "UrlShortener"
            },
            "tags_all": {
              "company_name": "meli",
              "environment": "dev",
              "iac": "terraform",
              "leader": "jimmy.matlag@gmail.com",
              "project_name": "UrlShortener"
            },
            "type": "AMAZON_ISSUED",
            "validation_emails": [],
            "validation_method": "DNS",
            "validation_option": []
          },
          "sensitive_attributes": [],
          "private": "bnVsbA=="
        }
      ]
    },
    {
      "mode": "managed",
      "type": "aws_acm_certificate",
      "name": "main",
      "provider": "provider[\"registry.terraform.io/hashicorp/aws\"]",
      "instances": [
        {
          "schema_version": 0,
          "attributes": {
            "arn": "arn:aws:acm:us-east-1:816722599048:certificate/72b0e428-3298-4a1b-9f1f-9b38d7f4300b",
            "certificate_authority_arn": "",
            "certificate_body": null,
            "certificate_chain": null,
            "domain_name": "jml.lat",
            "domain_validation_options": [
              {
                "domain_name": "jml.lat",
                "resource_record_name": "_697769de2961f55b38d9052930519cdf.jml.lat.",
                "resource_record_type": "CNAME",
                "resource_record_value": "_7d09bb4e1fd06f41f153cf8b6ae1cafa.qqqkmlyjyg.acm-validations.aws."
              }
            ],
            "early_renewal_duration": "",
            "id": "arn:aws:acm:us-east-1:816722599048:certificate/72b0e428-3298-4a1b-9f1f-9b38d7f4300b",
            "key_algorithm": "RSA_2048",
            "not_after": "2024-08-30T23:59:59Z",
            "not_before": "2023-08-02T00:00:00Z",
            "options": [
              {
                "certificate_transparency_logging_preference": "ENABLED"
              }
            ],
            "pending_renewal": false,
            "private_key": null,
            "renewal_eligibility": "ELIGIBLE",
            "renewal_summary": [],
            "status": "ISSUED",
            "subject_alternative_names": [
              "jml.lat"
            ],
            "tags": {
              "company_name": "meli",
              "environment": "dev",
              "iac": "terraform",
              "leader": "jimmy.matlag@gmail.com",
              "project_name": "UrlShortener"
            },
            "tags_all": {
              "company_name": "meli",
              "environment": "dev",
              "iac": "terraform",
              "leader": "jimmy.matlag@gmail.com",
              "project_name": "UrlShortener"
            },
            "type": "AMAZON_ISSUED",
            "validation_emails": [],
            "validation_method": "DNS",
            "validation_option": []
          },
          "sensitive_attributes": [],
          "private": "bnVsbA=="
        }
      ]
    },
    {
      "mode": "managed",
      "type": "aws_acm_certificate_validation",
      "name": "api",
      "provider": "provider[\"registry.terraform.io/hashicorp/aws\"]",
      "instances": [
        {
          "schema_version": 0,
          "attributes": {
            "certificate_arn": "arn:aws:acm:us-east-1:816722599048:certificate/2fee5d2a-6603-4db3-9f47-fe638e3ad270",
            "id": "2023-08-02 19:04:35.636 +0000 UTC",
            "timeouts": null,
            "validation_record_fqdns": [
              "_e809d52988b31a5604b4046ffb3e3776.api.jml.lat"
            ]
          },
          "sensitive_attributes": [],
          "private": "eyJlMmJmYjczMC1lY2FhLTExZTYtOGY4OC0zNDM2M2JjN2M0YzAiOnsiY3JlYXRlIjo0NTAwMDAwMDAwMDAwfX0=",
          "dependencies": [
            "aws_acm_certificate.api",
            "aws_route53_record.api",
            "aws_route53_zone.main"
          ]
        }
      ]
    },
    {
      "mode": "managed",
      "type": "aws_acm_certificate_validation",
      "name": "main",
      "provider": "provider[\"registry.terraform.io/hashicorp/aws\"]",
      "instances": [
        {
          "schema_version": 0,
          "attributes": {
            "certificate_arn": "arn:aws:acm:us-east-1:816722599048:certificate/72b0e428-3298-4a1b-9f1f-9b38d7f4300b",
            "id": "0001-01-01 00:00:00 +0000 UTC",
            "timeouts": null,
            "validation_record_fqdns": [
              "_697769de2961f55b38d9052930519cdf.jml.lat"
            ]
          },
          "sensitive_attributes": [],
          "private": "eyJlMmJmYjczMC1lY2FhLTExZTYtOGY4OC0zNDM2M2JjN2M0YzAiOnsiY3JlYXRlIjo0NTAwMDAwMDAwMDAwfX0=",
          "dependencies": [
            "aws_acm_certificate.main",
            "aws_route53_record.main",
            "aws_route53_zone.main"
          ]
        }
      ]
    },
    {
      "mode": "managed",
      "type": "aws_route53_record",
      "name": "api",
      "provider": "provider[\"registry.terraform.io/hashicorp/aws\"]",
      "instances": [
        {
          "index_key": "api.jml.lat",
          "schema_version": 2,
          "attributes": {
            "alias": [],
            "allow_overwrite": true,
            "cidr_routing_policy": [],
            "failover_routing_policy": [],
            "fqdn": "_e809d52988b31a5604b4046ffb3e3776.api.jml.lat",
            "geolocation_routing_policy": [],
            "health_check_id": "",
            "id": "Z092673412WBHHIWDKACN__e809d52988b31a5604b4046ffb3e3776.api.jml.lat._CNAME",
            "latency_routing_policy": [],
            "multivalue_answer_routing_policy": false,
            "name": "_e809d52988b31a5604b4046ffb3e3776.api.jml.lat",
            "records": [
              "_0f99580d23c5b19650b6106fb1ea0552.qqqkmlyjyg.acm-validations.aws."
            ],
            "set_identifier": "",
            "ttl": 60,
            "type": "CNAME",
            "weighted_routing_policy": [],
            "zone_id": "Z092673412WBHHIWDKACN"
          },
          "sensitive_attributes": [],
          "private": "eyJzY2hlbWFfdmVyc2lvbiI6IjIifQ==",
          "dependencies": [
            "aws_acm_certificate.api",
            "aws_route53_zone.main"
          ]
        }
      ]
    },
    {
      "mode": "managed",
      "type": "aws_route53_record",
      "name": "main",
      "provider": "provider[\"registry.terraform.io/hashicorp/aws\"]",
      "instances": [
        {
          "index_key": "jml.lat",
          "schema_version": 2,
          "attributes": {
            "alias": [],
            "allow_overwrite": true,
            "cidr_routing_policy": [],
            "failover_routing_policy": [],
            "fqdn": "_697769de2961f55b38d9052930519cdf.jml.lat",
            "geolocation_routing_policy": [],
            "health_check_id": "",
            "id": "Z092673412WBHHIWDKACN__697769de2961f55b38d9052930519cdf.jml.lat._CNAME",
            "latency_routing_policy": [],
            "multivalue_answer_routing_policy": false,
            "name": "_697769de2961f55b38d9052930519cdf.jml.lat",
            "records": [
              "_7d09bb4e1fd06f41f153cf8b6ae1cafa.qqqkmlyjyg.acm-validations.aws."
            ],
            "set_identifier": "",
            "ttl": 60,
            "type": "CNAME",
            "weighted_routing_policy": [],
            "zone_id": "Z092673412WBHHIWDKACN"
          },
          "sensitive_attributes": [],
          "private": "eyJzY2hlbWFfdmVyc2lvbiI6IjIifQ==",
          "dependencies": [
            "aws_acm_certificate.main",
            "aws_route53_zone.main"
          ]
        }
      ]
    },
    {
      "mode": "managed",
      "type": "aws_route53_zone",
      "name": "main",
      "provider": "provider[\"registry.terraform.io/hashicorp/aws\"]",
      "instances": [
        {
          "schema_version": 0,
          "attributes": {
            "arn": "arn:aws:route53:::hostedzone/Z092673412WBHHIWDKACN",
            "comment": "Managed by Terraform",
            "delegation_set_id": "",
            "force_destroy": false,
            "id": "Z092673412WBHHIWDKACN",
            "name": "jml.lat",
            "name_servers": [
              "ns-1164.awsdns-17.org",
              "ns-1903.awsdns-45.co.uk",
              "ns-294.awsdns-36.com",
              "ns-998.awsdns-60.net"
            ],
            "primary_name_server": "ns-294.awsdns-36.com",
            "tags": {
              "company_name": "meli",
              "environment": "dev",
              "iac": "terraform",
              "leader": "jimmy.matlag@gmail.com",
              "project_name": "UrlShortener"
            },
            "tags_all": {
              "company_name": "meli",
              "environment": "dev",
              "iac": "terraform",
              "leader": "jimmy.matlag@gmail.com",
              "project_name": "UrlShortener"
            },
            "vpc": [],
            "zone_id": "Z092673412WBHHIWDKACN"
          },
          "sensitive_attributes": [],
          "private": "bnVsbA=="
        }
      ]
    },
    {
      "mode": "managed",
      "type": "aws_ssm_parameter",
      "name": "acm_certificate_api_arn",
      "provider": "provider[\"registry.terraform.io/hashicorp/aws\"]",
      "instances": [
        {
          "schema_version": 0,
          "attributes": {
            "allowed_pattern": "",
            "arn": "arn:aws:ssm:us-east-1:816722599048:parameter/meli/url-shortener/acm_certificate_api/arn",
            "data_type": "text",
            "description": "ARN of the ACM Certificate for API URL shortener",
            "id": "/meli/url-shortener/acm_certificate_api/arn",
            "insecure_value": null,
            "key_id": "",
            "name": "/meli/url-shortener/acm_certificate_api/arn",
            "overwrite": null,
            "tags": {
              "company_name": "meli",
              "environment": "dev",
              "iac": "terraform",
              "leader": "jimmy.matlag@gmail.com",
              "project_name": "UrlShortener"
            },
            "tags_all": {
              "company_name": "meli",
              "environment": "dev",
              "iac": "terraform",
              "leader": "jimmy.matlag@gmail.com",
              "project_name": "UrlShortener"
            },
            "tier": "Standard",
            "type": "String",
            "value": "arn:aws:acm:us-east-1:816722599048:certificate/2fee5d2a-6603-4db3-9f47-fe638e3ad270",
            "version": 2
          },
          "sensitive_attributes": [],
          "private": "bnVsbA==",
          "dependencies": [
            "aws_acm_certificate.api"
          ]
        }
      ]
    },
    {
      "mode": "managed",
      "type": "aws_ssm_parameter",
      "name": "acm_certificate_main_arn",
      "provider": "provider[\"registry.terraform.io/hashicorp/aws\"]",
      "instances": [
        {
          "schema_version": 0,
          "attributes": {
            "allowed_pattern": "",
            "arn": "arn:aws:ssm:us-east-1:816722599048:parameter/meli/url-shortener/acm_certificate_main/arn",
            "data_type": "text",
            "description": "ARN of the ACM Certificate for URL shortener",
            "id": "/meli/url-shortener/acm_certificate_main/arn",
            "insecure_value": null,
            "key_id": "",
            "name": "/meli/url-shortener/acm_certificate_main/arn",
            "overwrite": null,
            "tags": {
              "company_name": "meli",
              "environment": "dev",
              "iac": "terraform",
              "leader": "jimmy.matlag@gmail.com",
              "project_name": "UrlShortener"
            },
            "tags_all": {
              "company_name": "meli",
              "environment": "dev",
              "iac": "terraform",
              "leader": "jimmy.matlag@gmail.com",
              "project_name": "UrlShortener"
            },
            "tier": "Standard",
            "type": "String",
            "value": "arn:aws:acm:us-east-1:816722599048:certificate/72b0e428-3298-4a1b-9f1f-9b38d7f4300b",
            "version": 1
          },
          "sensitive_attributes": [],
          "private": "bnVsbA==",
          "dependencies": [
            "aws_acm_certificate.main"
          ]
        }
      ]
    },
    {
      "mode": "managed",
      "type": "aws_ssm_parameter",
      "name": "route_53_main_name",
      "provider": "provider[\"registry.terraform.io/hashicorp/aws\"]",
      "instances": [
        {
          "schema_version": 0,
          "attributes": {
            "allowed_pattern": "",
            "arn": "arn:aws:ssm:us-east-1:816722599048:parameter/meli/url-shortener/domain_main/name",
            "data_type": "text",
            "description": "Name of the domain for URL shortener",
            "id": "/meli/url-shortener/domain_main/name",
            "insecure_value": null,
            "key_id": "",
            "name": "/meli/url-shortener/domain_main/name",
            "overwrite": null,
            "tags": {
              "company_name": "meli",
              "environment": "dev",
              "iac": "terraform",
              "leader": "jimmy.matlag@gmail.com",
              "project_name": "UrlShortener"
            },
            "tags_all": {
              "company_name": "meli",
              "environment": "dev",
              "iac": "terraform",
              "leader": "jimmy.matlag@gmail.com",
              "project_name": "UrlShortener"
            },
            "tier": "Standard",
            "type": "String",
            "value": "jml.lat",
            "version": 1
          },
          "sensitive_attributes": [],
          "private": "bnVsbA==",
          "dependencies": [
            "aws_route53_zone.main"
          ]
        }
      ]
    },
    {
      "mode": "managed",
      "type": "aws_ssm_parameter",
      "name": "route_53_main_zone_id",
      "provider": "provider[\"registry.terraform.io/hashicorp/aws\"]",
      "instances": [
        {
          "schema_version": 0,
          "attributes": {
            "allowed_pattern": "",
            "arn": "arn:aws:ssm:us-east-1:816722599048:parameter/meli/url-shortener/domain_main/zone_id",
            "data_type": "text",
            "description": "Zone ID of the domain for URL shortener",
            "id": "/meli/url-shortener/domain_main/zone_id",
            "insecure_value": null,
            "key_id": "",
            "name": "/meli/url-shortener/domain_main/zone_id",
            "overwrite": null,
            "tags": {
              "company_name": "meli",
              "environment": "dev",
              "iac": "terraform",
              "leader": "jimmy.matlag@gmail.com",
              "project_name": "UrlShortener"
            },
            "tags_all": {
              "company_name": "meli",
              "environment": "dev",
              "iac": "terraform",
              "leader": "jimmy.matlag@gmail.com",
              "project_name": "UrlShortener"
            },
            "tier": "Standard",
            "type": "String",
            "value": "Z092673412WBHHIWDKACN",
            "version": 1
          },
          "sensitive_attributes": [],
          "private": "bnVsbA==",
          "dependencies": [
            "aws_route53_zone.main"
          ]
        }
      ]
    }
  ],
  "check_results": null
}
